
Microsoft Visual Studio Solution File, Format Version 12.00
# Visual Studio 14
VisualStudioVersion = 14.0.25420.1
MinimumVisualStudioVersion = 10.0.40219.1
Project("{FAE04EC0-301F-11D3-BF4B-00C04F79EFBC}") = "Store.Ui", "Store\Store\Store.Ui.csproj", "{7D3BB773-7D5A-46F5-9713-CE4FA0D0A9A4}"
EndProject
Project("{FAE04EC0-301F-11D3-BF4B-00C04F79EFBC}") = "Store.Droid", "Store\Store.Droid\Store.Droid.csproj", "{95DDE1FA-E03D-4D89-B14A-C8EC8ABCA46D}"
EndProject
Project("{FAE04EC0-301F-11D3-BF4B-00C04F79EFBC}") = "Store", "Store.Domain\Store.csproj", "{67F9D3A8-F71E-4428-913F-C37AE82CDB24}"
EndProject
Project("{FAE04EC0-301F-11D3-BF4B-00C04F79EFBC}") = "Store.DataMock", "Store.DataMock\Store.DataMock\Store.DataMock.csproj", "{01F95C94-D5DC-4E4D-864D-2EBE456BB101}"
EndProject
Project("{FAE04EC0-301F-11D3-BF4B-00C04F79EFBC}") = "Store.LocalDatabase", "Store.LocalDatabase\Store.LocalDatabase.csproj", "{E0D53389-9FD8-461C-957D-F1C7003F1583}"
EndProject
Global
	GlobalSection(SolutionConfigurationPlatforms) = preSolution
		Ad-Hoc|Any CPU = Ad-Hoc|Any CPU
		Ad-Hoc|iPhone = Ad-Hoc|iPhone
		Ad-Hoc|iPhoneSimulator = Ad-Hoc|iPhoneSimulator
		AppStore|Any CPU = AppStore|Any CPU
		AppStore|iPhone = AppStore|iPhone
		AppStore|iPhoneSimulator = AppStore|iPhoneSimulator
		Debug|Any CPU = Debug|Any CPU
		Debug|iPhone = Debug|iPhone
		Debug|iPhoneSimulator = Debug|iPhoneSimulator
		Release|Any CPU = Release|Any CPU
		Release|iPhone = Release|iPhone
		Release|iPhoneSimulator = Release|iPhoneSimulator
	EndGlobalSection
	GlobalSection(ProjectConfigurationPlatforms) = postSolution
		{7D3BB773-7D5A-46F5-9713-CE4FA0D0A9A4}.Ad-Hoc|Any CPU.ActiveCfg = Release|Any CPU
		{7D3BB773-7D5A-46F5-9713-CE4FA0D0A9A4}.Ad-Hoc|Any CPU.Build.0 = Release|Any CPU
		{7D3BB773-7D5A-46F5-9713-CE4FA0D0A9A4}.Ad-Hoc|iPhone.ActiveCfg = Release|Any CPU
		{7D3BB773-7D5A-46F5-9713-CE4FA0D0A9A4}.Ad-Hoc|iPhone.Build.0 = Release|Any CPU
		{7D3BB773-7D5A-46F5-9713-CE4FA0D0A9A4}.Ad-Hoc|iPhoneSimulator.ActiveCfg = Release|Any CPU
		{7D3BB773-7D5A-46F5-9713-CE4FA0D0A9A4}.Ad-Hoc|iPhoneSimulator.Build.0 = Release|Any CPU
		{7D3BB773-7D5A-46F5-9713-CE4FA0D0A9A4}.AppStore|Any CPU.ActiveCfg = Release|Any CPU
		{7D3BB773-7D5A-46F5-9713-CE4FA0D0A9A4}.AppStore|Any CPU.Build.0 = Release|Any CPU
		{7D3BB773-7D5A-46F5-9713-CE4FA0D0A9A4}.AppStore|iPhone.ActiveCfg = Release|Any CPU
		{7D3BB773-7D5A-46F5-9713-CE4FA0D0A9A4}.AppStore|iPhone.Build.0 = Release|Any CPU
		{7D3BB773-7D5A-46F5-9713-CE4FA0D0A9A4}.AppStore|iPhoneSimulator.ActiveCfg = Release|Any CPU
		{7D3BB773-7D5A-46F5-9713-CE4FA0D0A9A4}.AppStore|iPhoneSimulator.Build.0 = Release|Any CPU
		{7D3BB773-7D5A-46F5-9713-CE4FA0D0A9A4}.Debug|Any CPU.ActiveCfg = Debug|Any CPU
		{7D3BB773-7D5A-46F5-9713-CE4FA0D0A9A4}.Debug|Any CPU.Build.0 = Debug|Any CPU
		{7D3BB773-7D5A-46F5-9713-CE4FA0D0A9A4}.Debug|iPhone.ActiveCfg = Debug|Any CPU
		{7D3BB773-7D5A-46F5-9713-CE4FA0D0A9A4}.Debug|iPhone.Build.0 = Debug|Any CPU
		{7D3BB773-7D5A-46F5-9713-CE4FA0D0A9A4}.Debug|iPhoneSimulator.ActiveCfg = Debug|Any CPU
		{7D3BB773-7D5A-46F5-9713-CE4FA0D0A9A4}.Debug|iPhoneSimulator.Build.0 = Debug|Any CPU
		{7D3BB773-7D5A-46F5-9713-CE4FA0D0A9A4}.Release|Any CPU.ActiveCfg = Release|Any CPU
		{7D3BB773-7D5A-46F5-9713-CE4FA0D0A9A4}.Release|Any CPU.Build.0 = Release|Any CPU
		{7D3BB773-7D5A-46F5-9713-CE4FA0D0A9A4}.Release|iPhone.ActiveCfg = Release|Any CPU
		{7D3BB773-7D5A-46F5-9713-CE4FA0D0A9A4}.Release|iPhone.Build.0 = Release|Any CPU
		{7D3BB773-7D5A-46F5-9713-CE4FA0D0A9A4}.Release|iPhoneSimulator.ActiveCfg = Release|Any CPU
		{7D3BB773-7D5A-46F5-9713-CE4FA0D0A9A4}.Release|iPhoneSimulator.Build.0 = Release|Any CPU
		{95DDE1FA-E03D-4D89-B14A-C8EC8ABCA46D}.Ad-Hoc|Any CPU.ActiveCfg = Release|Any CPU
		{95DDE1FA-E03D-4D89-B14A-C8EC8ABCA46D}.Ad-Hoc|Any CPU.Build.0 = Release|Any CPU
		{95DDE1FA-E03D-4D89-B14A-C8EC8ABCA46D}.Ad-Hoc|Any CPU.Deploy.0 = Release|Any CPU
		{95DDE1FA-E03D-4D89-B14A-C8EC8ABCA46D}.Ad-Hoc|iPhone.ActiveCfg = Release|Any CPU
		{95DDE1FA-E03D-4D89-B14A-C8EC8ABCA46D}.Ad-Hoc|iPhone.Build.0 = Release|Any CPU
		{95DDE1FA-E03D-4D89-B14A-C8EC8ABCA46D}.Ad-Hoc|iPhone.Deploy.0 = Release|Any CPU
		{95DDE1FA-E03D-4D89-B14A-C8EC8ABCA46D}.Ad-Hoc|iPhoneSimulator.ActiveCfg = Release|Any CPU
		{95DDE1FA-E03D-4D89-B14A-C8EC8ABCA46D}.Ad-Hoc|iPhoneSimulator.Build.0 = Release|Any CPU
		{95DDE1FA-E03D-4D89-B14A-C8EC8ABCA46D}.Ad-Hoc|iPhoneSimulator.Deploy.0 = Release|Any CPU
		{95DDE1FA-E03D-4D89-B14A-C8EC8ABCA46D}.AppStore|Any CPU.ActiveCfg = Release|Any CPU
		{95DDE1FA-E03D-4D89-B14A-C8EC8ABCA46D}.AppStore|Any CPU.Build.0 = Release|Any CPU
		{95DDE1FA-E03D-4D89-B14A-C8EC8ABCA46D}.AppStore|Any CPU.Deploy.0 = Release|Any CPU
		{95DDE1FA-E03D-4D89-B14A-C8EC8ABCA46D}.AppStore|iPhone.ActiveCfg = Release|Any CPU
		{95DDE1FA-E03D-4D89-B14A-C8EC8ABCA46D}.AppStore|iPhone.Build.0 = Release|Any CPU
		{95DDE1FA-E03D-4D89-B14A-C8EC8ABCA46D}.AppStore|iPhone.Deploy.0 = Release|Any CPU
		{95DDE1FA-E03D-4D89-B14A-C8EC8ABCA46D}.AppStore|iPhoneSimulator.ActiveCfg = Release|Any CPU
		{95DDE1FA-E03D-4D89-B14A-C8EC8ABCA46D}.AppStore|iPhoneSimulator.Build.0 = Release|Any CPU
		{95DDE1FA-E03D-4D89-B14A-C8EC8ABCA46D}.AppStore|iPhoneSimulator.Deploy.0 = Release|Any CPU
		{95DDE1FA-E03D-4D89-B14A-C8EC8ABCA46D}.Debug|Any CPU.ActiveCfg = Debug|Any CPU
		{95DDE1FA-E03D-4D89-B14A-C8EC8ABCA46D}.Debug|Any CPU.Build.0 = Debug|Any CPU
		{95DDE1FA-E03D-4D89-B14A-C8EC8ABCA46D}.Debug|Any CPU.Deploy.0 = Debug|Any CPU
		{95DDE1FA-E03D-4D89-B14A-C8EC8ABCA46D}.Debug|iPhone.ActiveCfg = Debug|Any CPU
		{95DDE1FA-E03D-4D89-B14A-C8EC8ABCA46D}.Debug|iPhone.Build.0 = Debug|Any CPU
		{95DDE1FA-E03D-4D89-B14A-C8EC8ABCA46D}.Debug|iPhone.Deploy.0 = Debug|Any CPU
		{95DDE1FA-E03D-4D89-B14A-C8EC8ABCA46D}.Debug|iPhoneSimulator.ActiveCfg = Debug|Any CPU
		{95DDE1FA-E03D-4D89-B14A-C8EC8ABCA46D}.Debug|iPhoneSimulator.Build.0 = Debug|Any CPU
		{95DDE1FA-E03D-4D89-B14A-C8EC8ABCA46D}.Debug|iPhoneSimulator.Deploy.0 = Debug|Any CPU
		{95DDE1FA-E03D-4D89-B14A-C8EC8ABCA46D}.Release|Any CPU.ActiveCfg = Release|Any CPU
		{95DDE1FA-E03D-4D89-B14A-C8EC8ABCA46D}.Release|Any CPU.Build.0 = Release|Any CPU
		{95DDE1FA-E03D-4D89-B14A-C8EC8ABCA46D}.Release|Any CPU.Deploy.0 = Release|Any CPU
		{95DDE1FA-E03D-4D89-B14A-C8EC8ABCA46D}.Release|iPhone.ActiveCfg = Release|Any CPU
		{95DDE1FA-E03D-4D89-B14A-C8EC8ABCA46D}.Release|iPhone.Build.0 = Release|Any CPU
		{95DDE1FA-E03D-4D89-B14A-C8EC8ABCA46D}.Release|iPhone.Deploy.0 = Release|Any CPU
		{95DDE1FA-E03D-4D89-B14A-C8EC8ABCA46D}.Release|iPhoneSimulator.ActiveCfg = Release|Any CPU
		{95DDE1FA-E03D-4D89-B14A-C8EC8ABCA46D}.Release|iPhoneSimulator.Build.0 = Release|Any CPU
		{95DDE1FA-E03D-4D89-B14A-C8EC8ABCA46D}.Release|iPhoneSimulator.Deploy.0 = Release|Any CPU
		{67F9D3A8-F71E-4428-913F-C37AE82CDB24}.Ad-Hoc|Any CPU.ActiveCfg = Release|Any CPU
		{67F9D3A8-F71E-4428-913F-C37AE82CDB24}.Ad-Hoc|Any CPU.Build.0 = Release|Any CPU
		{67F9D3A8-F71E-4428-913F-C37AE82CDB24}.Ad-Hoc|iPhone.ActiveCfg = Release|Any CPU
		{67F9D3A8-F71E-4428-913F-C37AE82CDB24}.Ad-Hoc|iPhone.Build.0 = Release|Any CPU
		{67F9D3A8-F71E-4428-913F-C37AE82CDB24}.Ad-Hoc|iPhoneSimulator.ActiveCfg = Release|Any CPU
		{67F9D3A8-F71E-4428-913F-C37AE82CDB24}.Ad-Hoc|iPhoneSimulator.Build.0 = Release|Any CPU
		{67F9D3A8-F71E-4428-913F-C37AE82CDB24}.AppStore|Any CPU.ActiveCfg = Release|Any CPU
		{67F9D3A8-F71E-4428-913F-C37AE82CDB24}.AppStore|Any CPU.Build.0 = Release|Any CPU
		{67F9D3A8-F71E-4428-913F-C37AE82CDB24}.AppStore|iPhone.ActiveCfg = Release|Any CPU
		{67F9D3A8-F71E-4428-913F-C37AE82CDB24}.AppStore|iPhone.Build.0 = Release|Any CPU
		{67F9D3A8-F71E-4428-913F-C37AE82CDB24}.AppStore|iPhoneSimulator.ActiveCfg = Release|Any CPU
		{67F9D3A8-F71E-4428-913F-C37AE82CDB24}.AppStore|iPhoneSimulator.Build.0 = Release|Any CPU
		{67F9D3A8-F71E-4428-913F-C37AE82CDB24}.Debug|Any CPU.ActiveCfg = Debug|Any CPU
		{67F9D3A8-F71E-4428-913F-C37AE82CDB24}.Debug|Any CPU.Build.0 = Debug|Any CPU
		{67F9D3A8-F71E-4428-913F-C37AE82CDB24}.Debug|iPhone.ActiveCfg = Debug|Any CPU
		{67F9D3A8-F71E-4428-913F-C37AE82CDB24}.Debug|iPhone.Build.0 = Debug|Any CPU
		{67F9D3A8-F71E-4428-913F-C37AE82CDB24}.Debug|iPhoneSimulator.ActiveCfg = Debug|Any CPU
		{67F9D3A8-F71E-4428-913F-C37AE82CDB24}.Debug|iPhoneSimulator.Build.0 = Debug|Any CPU
		{67F9D3A8-F71E-4428-913F-C37AE82CDB24}.Release|Any CPU.ActiveCfg = Release|Any CPU
		{67F9D3A8-F71E-4428-913F-C37AE82CDB24}.Release|Any CPU.Build.0 = Release|Any CPU
		{67F9D3A8-F71E-4428-913F-C37AE82CDB24}.Release|iPhone.ActiveCfg = Release|Any CPU
		{67F9D3A8-F71E-4428-913F-C37AE82CDB24}.Release|iPhone.Build.0 = Release|Any CPU
		{67F9D3A8-F71E-4428-913F-C37AE82CDB24}.Release|iPhoneSimulator.ActiveCfg = Release|Any CPU
		{67F9D3A8-F71E-4428-913F-C37AE82CDB24}.Release|iPhoneSimulator.Build.0 = Release|Any CPU
		{01F95C94-D5DC-4E4D-864D-2EBE456BB101}.Ad-Hoc|Any CPU.ActiveCfg = Release|Any CPU
		{01F95C94-D5DC-4E4D-864D-2EBE456BB101}.Ad-Hoc|Any CPU.Build.0 = Release|Any CPU
		{01F95C94-D5DC-4E4D-864D-2EBE456BB101}.Ad-Hoc|iPhone.ActiveCfg = Release|Any CPU
		{01F95C94-D5DC-4E4D-864D-2EBE456BB101}.Ad-Hoc|iPhone.Build.0 = Release|Any CPU
		{01F95C94-D5DC-4E4D-864D-2EBE456BB101}.Ad-Hoc|iPhoneSimulator.ActiveCfg = Release|Any CPU
		{01F95C94-D5DC-4E4D-864D-2EBE456BB101}.Ad-Hoc|iPhoneSimulator.Build.0 = Release|Any CPU
		{01F95C94-D5DC-4E4D-864D-2EBE456BB101}.AppStore|Any CPU.ActiveCfg = Release|Any CPU
		{01F95C94-D5DC-4E4D-864D-2EBE456BB101}.AppStore|Any CPU.Build.0 = Release|Any CPU
		{01F95C94-D5DC-4E4D-864D-2EBE456BB101}.AppStore|iPhone.ActiveCfg = Release|Any CPU
		{01F95C94-D5DC-4E4D-864D-2EBE456BB101}.AppStore|iPhone.Build.0 = Release|Any CPU
		{01F95C94-D5DC-4E4D-864D-2EBE456BB101}.AppStore|iPhoneSimulator.ActiveCfg = Release|Any CPU
		{01F95C94-D5DC-4E4D-864D-2EBE456BB101}.AppStore|iPhoneSimulator.Build.0 = Release|Any CPU
		{01F95C94-D5DC-4E4D-864D-2EBE456BB101}.Debug|Any CPU.ActiveCfg = Debug|Any CPU
		{01F95C94-D5DC-4E4D-864D-2EBE456BB101}.Debug|Any CPU.Build.0 = Debug|Any CPU
		{01F95C94-D5DC-4E4D-864D-2EBE456BB101}.Debug|iPhone.ActiveCfg = Debug|Any CPU
		{01F95C94-D5DC-4E4D-864D-2EBE456BB101}.Debug|iPhone.Build.0 = Debug|Any CPU
		{01F95C94-D5DC-4E4D-864D-2EBE456BB101}.Debug|iPhoneSimulator.ActiveCfg = Debug|Any CPU
		{01F95C94-D5DC-4E4D-864D-2EBE456BB101}.Debug|iPhoneSimulator.Build.0 = Debug|Any CPU
		{01F95C94-D5DC-4E4D-864D-2EBE456BB101}.Release|Any CPU.ActiveCfg = Release|Any CPU
		{01F95C94-D5DC-4E4D-864D-2EBE456BB101}.Release|Any CPU.Build.0 = Release|Any CPU
		{01F95C94-D5DC-4E4D-864D-2EBE456BB101}.Release|iPhone.ActiveCfg = Release|Any CPU
		{01F95C94-D5DC-4E4D-864D-2EBE456BB101}.Release|iPhone.Build.0 = Release|Any CPU
		{01F95C94-D5DC-4E4D-864D-2EBE456BB101}.Release|iPhoneSimulator.ActiveCfg = Release|Any CPU
		{01F95C94-D5DC-4E4D-864D-2EBE456BB101}.Release|iPhoneSimulator.Build.0 = Release|Any CPU
		{E0D53389-9FD8-461C-957D-F1C7003F1583}.Ad-Hoc|Any CPU.ActiveCfg = Release|Any CPU
		{E0D53389-9FD8-461C-957D-F1C7003F1583}.Ad-Hoc|Any CPU.Build.0 = Release|Any CPU
		{E0D53389-9FD8-461C-957D-F1C7003F1583}.Ad-Hoc|iPhone.ActiveCfg = Release|Any CPU
		{E0D53389-9FD8-461C-957D-F1C7003F1583}.Ad-Hoc|iPhone.Build.0 = Release|Any CPU
		{E0D53389-9FD8-461C-957D-F1C7003F1583}.Ad-Hoc|iPhoneSimulator.ActiveCfg = Release|Any CPU
		{E0D53389-9FD8-461C-957D-F1C7003F1583}.Ad-Hoc|iPhoneSimulator.Build.0 = Release|Any CPU
		{E0D53389-9FD8-461C-957D-F1C7003F1583}.AppStore|Any CPU.ActiveCfg = Release|Any CPU
		{E0D53389-9FD8-461C-957D-F1C7003F1583}.AppStore|Any CPU.Build.0 = Release|Any CPU
		{E0D53389-9FD8-461C-957D-F1C7003F1583}.AppStore|iPhone.ActiveCfg = Release|Any CPU
		{E0D53389-9FD8-461C-957D-F1C7003F1583}.AppStore|iPhone.Build.0 = Release|Any CPU
		{E0D53389-9FD8-461C-957D-F1C7003F1583}.AppStore|iPhoneSimulator.ActiveCfg = Release|Any CPU
		{E0D53389-9FD8-461C-957D-F1C7003F1583}.AppStore|iPhoneSimulator.Build.0 = Release|Any CPU
		{E0D53389-9FD8-461C-957D-F1C7003F1583}.Debug|Any CPU.ActiveCfg = Debug|Any CPU
		{E0D53389-9FD8-461C-957D-F1C7003F1583}.Debug|Any CPU.Build.0 = Debug|Any CPU
		{E0D53389-9FD8-461C-957D-F1C7003F1583}.Debug|iPhone.ActiveCfg = Debug|Any CPU
		{E0D53389-9FD8-461C-957D-F1C7003F1583}.Debug|iPhone.Build.0 = Debug|Any CPU
		{E0D53389-9FD8-461C-957D-F1C7003F1583}.Debug|iPhoneSimulator.ActiveCfg = Debug|Any CPU
		{E0D53389-9FD8-461C-957D-F1C7003F1583}.Debug|iPhoneSimulator.Build.0 = Debug|Any CPU
		{E0D53389-9FD8-461C-957D-F1C7003F1583}.Release|Any CPU.ActiveCfg = Release|Any CPU
		{E0D53389-9FD8-461C-957D-F1C7003F1583}.Release|Any CPU.Build.0 = Release|Any CPU
		{E0D53389-9FD8-461C-957D-F1C7003F1583}.Release|iPhone.ActiveCfg = Release|Any CPU
		{E0D53389-9FD8-461C-957D-F1C7003F1583}.Release|iPhone.Build.0 = Release|Any CPU
		{E0D53389-9FD8-461C-957D-F1C7003F1583}.Release|iPhoneSimulator.ActiveCfg = Release|Any CPU
		{E0D53389-9FD8-461C-957D-F1C7003F1583}.Release|iPhoneSimulator.Build.0 = Release|Any CPU
	EndGlobalSection
	GlobalSection(SolutionProperties) = preSolution
		HideSolutionNode = FALSE
	EndGlobalSection
EndGlobal
